{
  "name": "@ch-yang/hello-npm",
  "version": "1.0.1",
  "lockfileVersion": 3,
  "requires": true,
  "packages": {
    "": {
      "name": "@ch-yang/hello-npm",
      "version": "1.0.1",
      "license": "MIT",
      "dependencies": {
        "@ch-yang/hello-npm": "^1.0.1"
      },
      "bin": {
        "hello-npm": "bin.js"
      }
    },
    "node_modules/@ch-yang/hello-npm": {
      "version": "1.0.1",
      "resolved": "https://registry.npmjs.org/@ch-yang/hello-npm/-/hello-npm-1.0.1.tgz",
      "integrity": "sha512-8l2lW0WLzsatzeelsdgR5qF+ZbXF6To93zvMecG8T1iJplKFWW18mh3J3gsfxty7FY6tPAt6x/CjCsMShkUMQQ==",
      "license": "MIT",
      "bin": {
        "hello-npm": "bin.js"
      }
    }
  }
}
